// !$*UTF8*$!
{
	archiveVersion = 1;
	classes = {
	};
	objectVersion = 50;
	objects = {

/* Begin PBXBuildFile section */
		2E1EC838219E466300FA39E3 /* mtribes.h in Headers */ = {isa = PBXBuildFile; fileRef = 2E1EC836219E466300FA39E3 /* mtribes.h */; settings = {ATTRIBUTES = (Public, ); }; };
		2E1EC83F219E482400FA39E3 /* Example.swift in Sources */ = {isa = PBXBuildFile; fileRef = 2E1EC83E219E482400FA39E3 /* Example.swift */; };
		2E1EC85B219E689700FA39E3 /* mtribes.framework in Frameworks */ = {isa = PBXBuildFile; fileRef = 2E1EC833219E466300FA39E3 /* mtribes.framework */; };
		2E1EC85C219E689700FA39E3 /* mtribes.framework in Embed Frameworks */ = {isa = PBXBuildFile; fileRef = 2E1EC833219E466300FA39E3 /* mtribes.framework */; settings = {ATTRIBUTES = (CodeSignOnCopy, RemoveHeadersOnCopy, ); }; };
		2E1EC861219E6B2200FA39E3 /* RequestManagerProtocol.swift in Sources */ = {isa = PBXBuildFile; fileRef = 2E1EC860219E6B2200FA39E3 /* RequestManagerProtocol.swift */; };
		2E1EC86B219E749500FA39E3 /* ViewController.swift in Sources */ = {isa = PBXBuildFile; fileRef = 2E1EC863219E749500FA39E3 /* ViewController.swift */; };
		2E1EC86C219E749500FA39E3 /* Assets.xcassets in Resources */ = {isa = PBXBuildFile; fileRef = 2E1EC864219E749500FA39E3 /* Assets.xcassets */; };
		2E1EC86D219E749500FA39E3 /* LaunchScreen.storyboard in Resources */ = {isa = PBXBuildFile; fileRef = 2E1EC865219E749500FA39E3 /* LaunchScreen.storyboard */; };
		2E1EC86E219E749500FA39E3 /* Main.storyboard in Resources */ = {isa = PBXBuildFile; fileRef = 2E1EC867219E749500FA39E3 /* Main.storyboard */; };
		2E1EC86F219E749500FA39E3 /* AppDelegate.swift in Sources */ = {isa = PBXBuildFile; fileRef = 2E1EC869219E749500FA39E3 /* AppDelegate.swift */; };
		2E1EC870219E749500FA39E3 /* Info.plist in Resources */ = {isa = PBXBuildFile; fileRef = 2E1EC86A219E749500FA39E3 /* Info.plist */; };
		8824D5E37E110F08563C6BB4 /* Pods_Sample.framework in Frameworks */ = {isa = PBXBuildFile; fileRef = D4637D308CCC8F87C3A0FA31 /* Pods_Sample.framework */; };
		A727FE1E11E5C0F7C77BC7D7 /* Pods_mtribes.framework in Frameworks */ = {isa = PBXBuildFile; fileRef = AE1710E952AD51D1516015D3 /* Pods_mtribes.framework */; };
/* End PBXBuildFile section */

/* Begin PBXContainerItemProxy section */
		2E1EC85D219E689700FA39E3 /* PBXContainerItemProxy */ = {
			isa = PBXContainerItemProxy;
			containerPortal = 2E1EC82A219E466300FA39E3 /* Project object */;
			proxyType = 1;
			remoteGlobalIDString = 2E1EC832219E466300FA39E3;
			remoteInfo = mtribes;
		};
/* End PBXContainerItemProxy section */

/* Begin PBXCopyFilesBuildPhase section */
		2E1EC85F219E689700FA39E3 /* Embed Frameworks */ = {
			isa = PBXCopyFilesBuildPhase;
			buildActionMask = 2147483647;
			dstPath = "";
			dstSubfolderSpec = 10;
			files = (
				2E1EC85C219E689700FA39E3 /* mtribes.framework in Embed Frameworks */,
			);
			name = "Embed Frameworks";
			runOnlyForDeploymentPostprocessing = 0;
		};
/* End PBXCopyFilesBuildPhase section */

/* Begin PBXFileReference section */
		073C0A6C3E70C0233B9F8479 /* Pods-Sample.debug.xcconfig */ = {isa = PBXFileReference; includeInIndex = 1; lastKnownFileType = text.xcconfig; name = "Pods-Sample.debug.xcconfig"; path = "Pods/Target Support Files/Pods-Sample/Pods-Sample.debug.xcconfig"; sourceTree = "<group>"; };
		0BD51999F776C0E158B3AB5C /* Pods-mtribes.debug.xcconfig */ = {isa = PBXFileReference; includeInIndex = 1; lastKnownFileType = text.xcconfig; name = "Pods-mtribes.debug.xcconfig"; path = "Pods/Target Support Files/Pods-mtribes/Pods-mtribes.debug.xcconfig"; sourceTree = "<group>"; };
		2E1EC833219E466300FA39E3 /* mtribes.framework */ = {isa = PBXFileReference; explicitFileType = wrapper.framework; includeInIndex = 0; path = mtribes.framework; sourceTree = BUILT_PRODUCTS_DIR; };
		2E1EC836219E466300FA39E3 /* mtribes.h */ = {isa = PBXFileReference; lastKnownFileType = sourcecode.c.h; path = mtribes.h; sourceTree = "<group>"; };
		2E1EC837219E466300FA39E3 /* Info.plist */ = {isa = PBXFileReference; lastKnownFileType = text.plist.xml; path = Info.plist; sourceTree = "<group>"; };
		2E1EC83E219E482400FA39E3 /* Example.swift */ = {isa = PBXFileReference; lastKnownFileType = sourcecode.swift; path = Example.swift; sourceTree = "<group>"; };
		2E1EC844219E64E100FA39E3 /* Sample.app */ = {isa = PBXFileReference; explicitFileType = wrapper.application; includeInIndex = 0; path = Sample.app; sourceTree = BUILT_PRODUCTS_DIR; };
		2E1EC860219E6B2200FA39E3 /* RequestManagerProtocol.swift */ = {isa = PBXFileReference; lastKnownFileType = sourcecode.swift; path = RequestManagerProtocol.swift; sourceTree = "<group>"; };
		2E1EC863219E749500FA39E3 /* ViewController.swift */ = {isa = PBXFileReference; fileEncoding = 4; lastKnownFileType = sourcecode.swift; path = ViewController.swift; sourceTree = "<group>"; };
		2E1EC864219E749500FA39E3 /* Assets.xcassets */ = {isa = PBXFileReference; lastKnownFileType = folder.assetcatalog; path = Assets.xcassets; sourceTree = "<group>"; };
		2E1EC866219E749500FA39E3 /* Base */ = {isa = PBXFileReference; lastKnownFileType = file.storyboard; name = Base; path = Base.lproj/LaunchScreen.storyboard; sourceTree = "<group>"; };
		2E1EC868219E749500FA39E3 /* Base */ = {isa = PBXFileReference; lastKnownFileType = file.storyboard; name = Base; path = Base.lproj/Main.storyboard; sourceTree = "<group>"; };
		2E1EC869219E749500FA39E3 /* AppDelegate.swift */ = {isa = PBXFileReference; fileEncoding = 4; lastKnownFileType = sourcecode.swift; path = AppDelegate.swift; sourceTree = "<group>"; };
		2E1EC86A219E749500FA39E3 /* Info.plist */ = {isa = PBXFileReference; fileEncoding = 4; lastKnownFileType = text.plist.xml; path = Info.plist; sourceTree = "<group>"; };
		AE1710E952AD51D1516015D3 /* Pods_mtribes.framework */ = {isa = PBXFileReference; explicitFileType = wrapper.framework; includeInIndex = 0; path = Pods_mtribes.framework; sourceTree = BUILT_PRODUCTS_DIR; };
		D4637D308CCC8F87C3A0FA31 /* Pods_Sample.framework */ = {isa = PBXFileReference; explicitFileType = wrapper.framework; includeInIndex = 0; path = Pods_Sample.framework; sourceTree = BUILT_PRODUCTS_DIR; };
		D755FE323203EAB9F9403D68 /* Pods-mtribes.release.xcconfig */ = {isa = PBXFileReference; includeInIndex = 1; lastKnownFileType = text.xcconfig; name = "Pods-mtribes.release.xcconfig"; path = "Pods/Target Support Files/Pods-mtribes/Pods-mtribes.release.xcconfig"; sourceTree = "<group>"; };
		E1393071F8CA2485BE8471BB /* Pods-Sample.release.xcconfig */ = {isa = PBXFileReference; includeInIndex = 1; lastKnownFileType = text.xcconfig; name = "Pods-Sample.release.xcconfig"; path = "Pods/Target Support Files/Pods-Sample/Pods-Sample.release.xcconfig"; sourceTree = "<group>"; };
/* End PBXFileReference section */

/* Begin PBXFrameworksBuildPhase section */
		2E1EC830219E466300FA39E3 /* Frameworks */ = {
			isa = PBXFrameworksBuildPhase;
			buildActionMask = 2147483647;
			files = (
				A727FE1E11E5C0F7C77BC7D7 /* Pods_mtribes.framework in Frameworks */,
			);
			runOnlyForDeploymentPostprocessing = 0;
		};
		2E1EC841219E64E100FA39E3 /* Frameworks */ = {
			isa = PBXFrameworksBuildPhase;
			buildActionMask = 2147483647;
			files = (
				2E1EC85B219E689700FA39E3 /* mtribes.framework in Frameworks */,
				8824D5E37E110F08563C6BB4 /* Pods_Sample.framework in Frameworks */,
			);
			runOnlyForDeploymentPostprocessing = 0;
		};
/* End PBXFrameworksBuildPhase section */

/* Begin PBXGroup section */
		2E1EC829219E466300FA39E3 = {
			isa = PBXGroup;
			children = (
				2E1EC835219E466300FA39E3 /* mtribes */,
				2E1EC862219E749500FA39E3 /* Sample */,
				2E1EC834219E466300FA39E3 /* Products */,
				A7291B3042F01CEA748C317D /* Pods */,
				97D19CA0D28706222A037A38 /* Frameworks */,
			);
			sourceTree = "<group>";
		};
		2E1EC834219E466300FA39E3 /* Products */ = {
			isa = PBXGroup;
			children = (
				2E1EC833219E466300FA39E3 /* mtribes.framework */,
				2E1EC844219E64E100FA39E3 /* Sample.app */,
			);
			name = Products;
			sourceTree = "<group>";
		};
		2E1EC835219E466300FA39E3 /* mtribes */ = {
			isa = PBXGroup;
			children = (
				2E1EC836219E466300FA39E3 /* mtribes.h */,
				2E1EC837219E466300FA39E3 /* Info.plist */,
				2E1EC83E219E482400FA39E3 /* Example.swift */,
				2E1EC860219E6B2200FA39E3 /* RequestManagerProtocol.swift */,
			);
			path = mtribes;
			sourceTree = "<group>";
		};
		2E1EC862219E749500FA39E3 /* Sample */ = {
			isa = PBXGroup;
			children = (
				2E1EC863219E749500FA39E3 /* ViewController.swift */,
				2E1EC864219E749500FA39E3 /* Assets.xcassets */,
				2E1EC865219E749500FA39E3 /* LaunchScreen.storyboard */,
				2E1EC867219E749500FA39E3 /* Main.storyboard */,
				2E1EC869219E749500FA39E3 /* AppDelegate.swift */,
				2E1EC86A219E749500FA39E3 /* Info.plist */,
			);
			path = Sample;
			sourceTree = "<group>";
		};
		97D19CA0D28706222A037A38 /* Frameworks */ = {
			isa = PBXGroup;
			children = (
				D4637D308CCC8F87C3A0FA31 /* Pods_Sample.framework */,
				AE1710E952AD51D1516015D3 /* Pods_mtribes.framework */,
			);
			name = Frameworks;
			sourceTree = "<group>";
		};
		A7291B3042F01CEA748C317D /* Pods */ = {
			isa = PBXGroup;
			children = (
				073C0A6C3E70C0233B9F8479 /* Pods-Sample.debug.xcconfig */,
				E1393071F8CA2485BE8471BB /* Pods-Sample.release.xcconfig */,
				0BD51999F776C0E158B3AB5C /* Pods-mtribes.debug.xcconfig */,
				D755FE323203EAB9F9403D68 /* Pods-mtribes.release.xcconfig */,
			);
			name = Pods;
			sourceTree = "<group>";
		};
/* End PBXGroup section */

/* Begin PBXHeadersBuildPhase section */
		2E1EC82E219E466300FA39E3 /* Headers */ = {
			isa = PBXHeadersBuildPhase;
			buildActionMask = 2147483647;
			files = (
				2E1EC838219E466300FA39E3 /* mtribes.h in Headers */,
			);
			runOnlyForDeploymentPostprocessing = 0;
		};
/* End PBXHeadersBuildPhase section */

/* Begin PBXNativeTarget section */
		2E1EC832219E466300FA39E3 /* mtribes */ = {
			isa = PBXNativeTarget;
			buildConfigurationList = 2E1EC83B219E466300FA39E3 /* Build configuration list for PBXNativeTarget "mtribes" */;
			buildPhases = (
				C684CADC5A63CE8B81CF7A92 /* [CP] Check Pods Manifest.lock */,
				2E1EC82E219E466300FA39E3 /* Headers */,
				2E1EC82F219E466300FA39E3 /* Sources */,
				2E1EC830219E466300FA39E3 /* Frameworks */,
				2E1EC831219E466300FA39E3 /* Resources */,
			);
			buildRules = (
			);
			dependencies = (
			);
			name = mtribes;
			productName = mtribes;
			productReference = 2E1EC833219E466300FA39E3 /* mtribes.framework */;
			productType = "com.apple.product-type.framework";
		};
		2E1EC843219E64E100FA39E3 /* Sample */ = {
			isa = PBXNativeTarget;
			buildConfigurationList = 2E1EC855219E64E300FA39E3 /* Build configuration list for PBXNativeTarget "Sample" */;
			buildPhases = (
				88CC3FF58094F0DBE1652839 /* [CP] Check Pods Manifest.lock */,
				2E1EC840219E64E100FA39E3 /* Sources */,
				2E1EC841219E64E100FA39E3 /* Frameworks */,
				2E1EC842219E64E100FA39E3 /* Resources */,
				2E1EC85F219E689700FA39E3 /* Embed Frameworks */,
			);
			buildRules = (
			);
			dependencies = (
				2E1EC85E219E689700FA39E3 /* PBXTargetDependency */,
			);
			name = Sample;
			productName = Sample;
			productReference = 2E1EC844219E64E100FA39E3 /* Sample.app */;
			productType = "com.apple.product-type.application";
		};
/* End PBXNativeTarget section */

/* Begin PBXProject section */
		2E1EC82A219E466300FA39E3 /* Project object */ = {
			isa = PBXProject;
			attributes = {
				LastSwiftUpdateCheck = 1000;
				LastUpgradeCheck = 1000;
				ORGANIZATIONNAME = Massive;
				TargetAttributes = {
					2E1EC832219E466300FA39E3 = {
						CreatedOnToolsVersion = 10.0;
						LastSwiftMigration = 1000;
					};
					2E1EC843219E64E100FA39E3 = {
						CreatedOnToolsVersion = 10.0;
					};
				};
			};
			buildConfigurationList = 2E1EC82D219E466300FA39E3 /* Build configuration list for PBXProject "mtribes" */;
			compatibilityVersion = "Xcode 9.3";
			developmentRegion = en;
			hasScannedForEncodings = 0;
			knownRegions = (
				en,
				Base,
			);
			mainGroup = 2E1EC829219E466300FA39E3;
			productRefGroup = 2E1EC834219E466300FA39E3 /* Products */;
			projectDirPath = "";
			projectRoot = "";
			targets = (
				2E1EC832219E466300FA39E3 /* mtribes */,
				2E1EC843219E64E100FA39E3 /* Sample */,
			);
		};
/* End PBXProject section */

/* Begin PBXResourcesBuildPhase section */
		2E1EC831219E466300FA39E3 /* Resources */ = {
			isa = PBXResourcesBuildPhase;
			buildActionMask = 2147483647;
			files = (
				2E1EC870219E749500FA39E3 /* Info.plist in Resources */,
				2E1EC86E219E749500FA39E3 /* Main.storyboard in Resources */,
				2E1EC86C219E749500FA39E3 /* Assets.xcassets in Resources */,
				2E1EC86D219E749500FA39E3 /* LaunchScreen.storyboard in Resources */,
			);
			runOnlyForDeploymentPostprocessing = 0;
		};
		2E1EC842219E64E100FA39E3 /* Resources */ = {
			isa = PBXResourcesBuildPhase;
			buildActionMask = 2147483647;
			files = (
			);
			runOnlyForDeploymentPostprocessing = 0;
		};
/* End PBXResourcesBuildPhase section */

/* Begin PBXShellScriptBuildPhase section */
		88CC3FF58094F0DBE1652839 /* [CP] Check Pods Manifest.lock */ = {
			isa = PBXShellScriptBuildPhase;
			buildActionMask = 2147483647;
			files = (
			);
			inputFileListPaths = (
			);
			inputPaths = (
				"${PODS_PODFILE_DIR_PATH}/Podfile.lock",
				"${PODS_ROOT}/Manifest.lock",
			);
			name = "[CP] Check Pods Manifest.lock";
			outputFileListPaths = (
			);
			outputPaths = (
				"$(DERIVED_FILE_DIR)/Pods-Sample-checkManifestLockResult.txt",
			);
			runOnlyForDeploymentPostprocessing = 0;
			shellPath = /bin/sh;
			shellScript = "diff \"${PODS_PODFILE_DIR_PATH}/Podfile.lock\" \"${PODS_ROOT}/Manifest.lock\" > /dev/null\nif [ $? != 0 ] ; then\n    # print error to STDERR\n    echo \"error: The sandbox is not in sync with the Podfile.lock. Run 'pod install' or update your CocoaPods installation.\" >&2\n    exit 1\nfi\n# This output is used by Xcode 'outputs' to avoid re-running this script phase.\necho \"SUCCESS\" > \"${SCRIPT_OUTPUT_FILE_0}\"\n";
			showEnvVarsInLog = 0;
		};
		C684CADC5A63CE8B81CF7A92 /* [CP] Check Pods Manifest.lock */ = {
			isa = PBXShellScriptBuildPhase;
			buildActionMask = 2147483647;
			files = (
			);
			inputFileListPaths = (
			);
			inputPaths = (
				"${PODS_PODFILE_DIR_PATH}/Podfile.lock",
				"${PODS_ROOT}/Manifest.lock",
			);
			name = "[CP] Check Pods Manifest.lock";
			outputFileListPaths = (
			);
			outputPaths = (
				"$(DERIVED_FILE_DIR)/Pods-mtribes-checkManifestLockResult.txt",
			);
			runOnlyForDeploymentPostprocessing = 0;
			shellPath = /bin/sh;
			shellScript = "diff \"${PODS_PODFILE_DIR_PATH}/Podfile.lock\" \"${PODS_ROOT}/Manifest.lock\" > /dev/null\nif [ $? != 0 ] ; then\n    # print error to STDERR\n    echo \"error: The sandbox is not in sync with the Podfile.lock. Run 'pod install' or update your CocoaPods installation.\" >&2\n    exit 1\nfi\n# This output is used by Xcode 'outputs' to avoid re-running this script phase.\necho \"SUCCESS\" > \"${SCRIPT_OUTPUT_FILE_0}\"\n";
			showEnvVarsInLog = 0;
		};
/* End PBXShellScriptBuildPhase section */

/* Begin PBXSourcesBuildPhase section */
		2E1EC82F219E466300FA39E3 /* Sources */ = {
			isa = PBXSourcesBuildPhase;
			buildActionMask = 2147483647;
			files = (
				2E1EC86F219E749500FA39E3 /* AppDelegate.swift in Sources */,
				2E1EC86B219E749500FA39E3 /* ViewController.swift in Sources */,
				2E1EC83F219E482400FA39E3 /* Example.swift in Sources */,
				2E1EC861219E6B2200FA39E3 /* RequestManagerProtocol.swift in Sources */,
			);
			runOnlyForDeploymentPostprocessing = 0;
		};
		2E1EC840219E64E100FA39E3 /* Sources */ = {
			isa = PBXSourcesBuildPhase;
			buildActionMask = 2147483647;
			files = (
			);
			runOnlyForDeploymentPostprocessing = 0;
		};
/* End PBXSourcesBuildPhase section */

/* Begin PBXTargetDependency section */
		2E1EC85E219E689700FA39E3 /* PBXTargetDependency */ = {
			isa = PBXTargetDependency;
			target = 2E1EC832219E466300FA39E3 /* mtribes */;
			targetProxy = 2E1EC85D219E689700FA39E3 /* PBXContainerItemProxy */;
		};
/* End PBXTargetDependency section */

/* Begin PBXVariantGroup section */
		2E1EC865219E749500FA39E3 /* LaunchScreen.storyboard */ = {
			isa = PBXVariantGroup;
			children = (
				2E1EC866219E749500FA39E3 /* Base */,
			);
			name = LaunchScreen.storyboard;
			sourceTree = "<group>";
		};
		2E1EC867219E749500FA39E3 /* Main.storyboard */ = {
			isa = PBXVariantGroup;
			children = (
				2E1EC868219E749500FA39E3 /* Base */,
			);
			name = Main.storyboard;
			sourceTree = "<group>";
		};
/* End PBXVariantGroup section */

/* Begin XCBuildConfiguration section */
		2E1EC839219E466300FA39E3 /* Debug */ = {
			isa = XCBuildConfiguration;
			buildSettings = {
				ALWAYS_SEARCH_USER_PATHS = NO;
				CLANG_ANALYZER_NONNULL = YES;
				CLANG_ANALYZER_NUMBER_OBJECT_CONVERSION = YES_AGGRESSIVE;
				CLANG_CXX_LANGUAGE_STANDARD = "gnu++14";
				CLANG_CXX_LIBRARY = "libc++";
				CLANG_ENABLE_MODULES = YES;
				CLANG_ENABLE_OBJC_ARC = YES;
				CLANG_ENABLE_OBJC_WEAK = YES;
				CLANG_WARN_BLOCK_CAPTURE_AUTORELEASING = YES;
				CLANG_WARN_BOOL_CONVERSION = YES;
				CLANG_WARN_COMMA = YES;
				CLANG_WARN_CONSTANT_CONVERSION = YES;
				CLANG_WARN_DEPRECATED_OBJC_IMPLEMENTATIONS = YES;
				CLANG_WARN_DIRECT_OBJC_ISA_USAGE = YES_ERROR;
				CLANG_WARN_DOCUMENTATION_COMMENTS = YES;
				CLANG_WARN_EMPTY_BODY = YES;
				CLANG_WARN_ENUM_CONVERSION = YES;
				CLANG_WARN_INFINITE_RECURSION = YES;
				CLANG_WARN_INT_CONVERSION = YES;
				CLANG_WARN_NON_LITERAL_NULL_CONVERSION = YES;
				CLANG_WARN_OBJC_IMPLICIT_RETAIN_SELF = YES;
				CLANG_WARN_OBJC_LITERAL_CONVERSION = YES;
				CLANG_WARN_OBJC_ROOT_CLASS = YES_ERROR;
				CLANG_WARN_RANGE_LOOP_ANALYSIS = YES;
				CLANG_WARN_STRICT_PROTOTYPES = YES;
				CLANG_WARN_SUSPICIOUS_MOVE = YES;
				CLANG_WARN_UNGUARDED_AVAILABILITY = YES_AGGRESSIVE;
				CLANG_WARN_UNREACHABLE_CODE = YES;
				CLANG_WARN__DUPLICATE_METHOD_MATCH = YES;
				CODE_SIGN_IDENTITY = "iPhone Developer";
				COPY_PHASE_STRIP = NO;
				CURRENT_PROJECT_VERSION = 1;
				DEBUG_INFORMATION_FORMAT = dwarf;
				ENABLE_STRICT_OBJC_MSGSEND = YES;
				ENABLE_TESTABILITY = YES;
				GCC_C_LANGUAGE_STANDARD = gnu11;
				GCC_DYNAMIC_NO_PIC = NO;
				GCC_NO_COMMON_BLOCKS = YES;
				GCC_OPTIMIZATION_LEVEL = 0;
				GCC_PREPROCESSOR_DEFINITIONS = (
					"DEBUG=1",
					"$(inherited)",
				);
				GCC_WARN_64_TO_32_BIT_CONVERSION = YES;
				GCC_WARN_ABOUT_RETURN_TYPE = YES_ERROR;
				GCC_WARN_UNDECLARED_SELECTOR = YES;
				GCC_WARN_UNINITIALIZED_AUTOS = YES_AGGRESSIVE;
				GCC_WARN_UNUSED_FUNCTION = YES;
				GCC_WARN_UNUSED_VARIABLE = YES;
				IPHONEOS_DEPLOYMENT_TARGET = 12.0;
				MTL_ENABLE_DEBUG_INFO = INCLUDE_SOURCE;
				MTL_FAST_MATH = YES;
				ONLY_ACTIVE_ARCH = YES;
				SDKROOT = iphoneos;
				SWIFT_ACTIVE_COMPILATION_CONDITIONS = DEBUG;
				SWIFT_OPTIMIZATION_LEVEL = "-Onone";
				VERSIONING_SYSTEM = "apple-generic";
				VERSION_INFO_PREFIX = "";
			};
			name = Debug;
		};
		2E1EC83A219E466300FA39E3 /* Release */ = {
			isa = XCBuildConfiguration;
			buildSettings = {
				ALWAYS_SEARCH_USER_PATHS = NO;
				CLANG_ANALYZER_NONNULL = YES;
				CLANG_ANALYZER_NUMBER_OBJECT_CONVERSION = YES_AGGRESSIVE;
				CLANG_CXX_LANGUAGE_STANDARD = "gnu++14";
				CLANG_CXX_LIBRARY = "libc++";
				CLANG_ENABLE_MODULES = YES;
				CLANG_ENABLE_OBJC_ARC = YES;
				CLANG_ENABLE_OBJC_WEAK = YES;
				CLANG_WARN_BLOCK_CAPTURE_AUTORELEASING = YES;
				CLANG_WARN_BOOL_CONVERSION = YES;
				CLANG_WARN_COMMA = YES;
				CLANG_WARN_CONSTANT_CONVERSION = YES;
				CLANG_WARN_DEPRECATED_OBJC_IMPLEMENTATIONS = YES;
				CLANG_WARN_DIRECT_OBJC_ISA_USAGE = YES_ERROR;
				CLANG_WARN_DOCUMENTATION_COMMENTS = YES;
				CLANG_WARN_EMPTY_BODY = YES;
				CLANG_WARN_ENUM_CONVERSION = YES;
				CLANG_WARN_INFINITE_RECURSION = YES;
				CLANG_WARN_INT_CONVERSION = YES;
				CLANG_WARN_NON_LITERAL_NULL_CONVERSION = YES;
				CLANG_WARN_OBJC_IMPLICIT_RETAIN_SELF = YES;
				CLANG_WARN_OBJC_LITERAL_CONVERSION = YES;
				CLANG_WARN_OBJC_ROOT_CLASS = YES_ERROR;
				CLANG_WARN_RANGE_LOOP_ANALYSIS = YES;
				CLANG_WARN_STRICT_PROTOTYPES = YES;
				CLANG_WARN_SUSPICIOUS_MOVE = YES;
				CLANG_WARN_UNGUARDED_AVAILABILITY = YES_AGGRESSIVE;
				CLANG_WARN_UNREACHABLE_CODE = YES;
				CLANG_WARN__DUPLICATE_METHOD_MATCH = YES;
				CODE_SIGN_IDENTITY = "iPhone Developer";
				COPY_PHASE_STRIP = NO;
				CURRENT_PROJECT_VERSION = 1;
				DEBUG_INFORMATION_FORMAT = "dwarf-with-dsym";
				ENABLE_NS_ASSERTIONS = NO;
				ENABLE_STRICT_OBJC_MSGSEND = YES;
				GCC_C_LANGUAGE_STANDARD = gnu11;
				GCC_NO_COMMON_BLOCKS = YES;
				GCC_WARN_64_TO_32_BIT_CONVERSION = YES;
				GCC_WARN_ABOUT_RETURN_TYPE = YES_ERROR;
				GCC_WARN_UNDECLARED_SELECTOR = YES;
				GCC_WARN_UNINITIALIZED_AUTOS = YES_AGGRESSIVE;
				GCC_WARN_UNUSED_FUNCTION = YES;
				GCC_WARN_UNUSED_VARIABLE = YES;
				IPHONEOS_DEPLOYMENT_TARGET = 12.0;
				MTL_ENABLE_DEBUG_INFO = NO;
				MTL_FAST_MATH = YES;
				SDKROOT = iphoneos;
				SWIFT_COMPILATION_MODE = wholemodule;
				SWIFT_OPTIMIZATION_LEVEL = "-O";
				VALIDATE_PRODUCT = YES;
				VERSIONING_SYSTEM = "apple-generic";
				VERSION_INFO_PREFIX = "";
			};
			name = Release;
		};
		2E1EC83C219E466300FA39E3 /* Debug */ = {
			isa = XCBuildConfiguration;
			baseConfigurationReference = 0BD51999F776C0E158B3AB5C /* Pods-mtribes.debug.xcconfig */;
			buildSettings = {
				CLANG_ENABLE_MODULES = YES;
				CODE_SIGN_IDENTITY = "";
				CODE_SIGN_STYLE = Automatic;
				DEFINES_MODULE = YES;
				DEVELOPMENT_TEAM = 3PU2FX2MA5;
				DYLIB_COMPATIBILITY_VERSION = 1;
				DYLIB_CURRENT_VERSION = 1;
				DYLIB_INSTALL_NAME_BASE = "@rpath";
				INFOPLIST_FILE = mtribes/Info.plist;
				INSTALL_PATH = "$(LOCAL_LIBRARY_DIR)/Frameworks";
				IPHONEOS_DEPLOYMENT_TARGET = 9.0;
				LD_RUNPATH_SEARCH_PATHS = (
					"$(inherited)",
					"@executable_path/Frameworks",
					"@loader_path/Frameworks",
				);
				PRODUCT_BUNDLE_IDENTIFIER = com.massive.mtribes;
				PRODUCT_NAME = "$(TARGET_NAME:c99extidentifier)";
				SKIP_INSTALL = YES;
				SWIFT_OPTIMIZATION_LEVEL = "-Onone";
				SWIFT_VERSION = 4.2;
				TARGETED_DEVICE_FAMILY = "1,2";
			};
			name = Debug;
		};
		2E1EC83D219E466300FA39E3 /* Release */ = {
			isa = XCBuildConfiguration;
			baseConfigurationReference = D755FE323203EAB9F9403D68 /* Pods-mtribes.release.xcconfig */;
			buildSettings = {
				CLANG_ENABLE_MODULES = YES;
				CODE_SIGN_IDENTITY = "";
				CODE_SIGN_STYLE = Automatic;
				DEFINES_MODULE = YES;
				DEVELOPMENT_TEAM = 3PU2FX2MA5;
				DYLIB_COMPATIBILITY_VERSION = 1;
				DYLIB_CURRENT_VERSION = 1;
				DYLIB_INSTALL_NAME_BASE = "@rpath";
				INFOPLIST_FILE = mtribes/Info.plist;
				INSTALL_PATH = "$(LOCAL_LIBRARY_DIR)/Frameworks";
				IPHONEOS_DEPLOYMENT_TARGET = 9.0;
				LD_RUNPATH_SEARCH_PATHS = (
					"$(inherited)",
					"@executable_path/Frameworks",
					"@loader_path/Frameworks",
				);
				PRODUCT_BUNDLE_IDENTIFIER = com.massive.mtribes;
				PRODUCT_NAME = "$(TARGET_NAME:c99extidentifier)";
				SKIP_INSTALL = YES;
				SWIFT_VERSION = 4.2;
				TARGETED_DEVICE_FAMILY = "1,2";
			};
			name = Release;
		};
		2E1EC853219E64E300FA39E3 /* Debug */ = {
			isa = XCBuildConfiguration;
			baseConfigurationReference = 073C0A6C3E70C0233B9F8479 /* Pods-Sample.debug.xcconfig */;
			buildSettings = {
				ALWAYS_EMBED_SWIFT_STANDARD_LIBRARIES = YES;
				ASSETCATALOG_COMPILER_APPICON_NAME = AppIcon;
				CODE_SIGN_STYLE = Automatic;
				DEVELOPMENT_TEAM = 3PU2FX2MA5;
				INFOPLIST_FILE = Sample/Info.plist;
				IPHONEOS_DEPLOYMENT_TARGET = 9.0;
				LD_RUNPATH_SEARCH_PATHS = (
					"$(inherited)",
					"@executable_path/Frameworks",
				);
				PRODUCT_BUNDLE_IDENTIFIER = com.massive.Sample;
				PRODUCT_NAME = "$(TARGET_NAME)";
				SWIFT_VERSION = 4.2;
				TARGETED_DEVICE_FAMILY = "1,2";
			};
			name = Debug;
		};
		2E1EC854219E64E300FA39E3 /* Release */ = {
			isa = XCBuildConfiguration;
			baseConfigurationReference = E1393071F8CA2485BE8471BB /* Pods-Sample.release.xcconfig */;
			buildSettings = {
				ALWAYS_EMBED_SWIFT_STANDARD_LIBRARIES = YES;
				ASSETCATALOG_COMPILER_APPICON_NAME = AppIcon;
				CODE_SIGN_STYLE = Automatic;
				DEVELOPMENT_TEAM = 3PU2FX2MA5;
				INFOPLIST_FILE = Sample/Info.plist;
				IPHONEOS_DEPLOYMENT_TARGET = 9.0;
				LD_RUNPATH_SEARCH_PATHS = (
					"$(inherited)",
					"@executable_path/Frameworks",
				);
				PRODUCT_BUNDLE_IDENTIFIER = com.massive.Sample;
				PRODUCT_NAME = "$(TARGET_NAME)";
				SWIFT_VERSION = 4.2;
				TARGETED_DEVICE_FAMILY = "1,2";
			};
			name = Release;
		};
/* End XCBuildConfiguration section */

/* Begin XCConfigurationList section */
		2E1EC82D219E466300FA39E3 /* Build configuration list for PBXProject "mtribes" */ = {
			isa = XCConfigurationList;
			buildConfigurations = (
				2E1EC839219E466300FA39E3 /* Debug */,
				2E1EC83A219E466300FA39E3 /* Release */,
			);
			defaultConfigurationIsVisible = 0;
			defaultConfigurationName = Release;
		};
		2E1EC83B219E466300FA39E3 /* Build configuration list for PBXNativeTarget "mtribes" */ = {
			isa = XCConfigurationList;
			buildConfigurations = (
				2E1EC83C219E466300FA39E3 /* Debug */,
				2E1EC83D219E466300FA39E3 /* Release */,
			);
			defaultConfigurationIsVisible = 0;
			defaultConfigurationName = Release;
		};
		2E1EC855219E64E300FA39E3 /* Build configuration list for PBXNativeTarget "Sample" */ = {
			isa = XCConfigurationList;
			buildConfigurations = (
				2E1EC853219E64E300FA39E3 /* Debug */,
				2E1EC854219E64E300FA39E3 /* Release */,
			);
			defaultConfigurationIsVisible = 0;
			defaultConfigurationName = Release;
		};
/* End XCConfigurationList section */
	};
	rootObject = 2E1EC82A219E466300FA39E3 /* Project object */;
}
